<?xml version="1.0" encoding="utf-8"?>
<Project ToolsVersion="4.0" xmlns="http://schemas.microsoft.com/developer/msbuild/2003">
  <ItemGroup>
    <Filter Include="Source Files">
      <UniqueIdentifier>{4FC737F1-C7A5-4376-A066-2A32D752A2FF}</UniqueIdentifier>
      <Extensions>cpp;c;cc;cxx;def;odl;idl;hpj;bat;asm;asmx</Extensions>
    </Filter>
    <Filter Include="Header Files">
      <UniqueIdentifier>{93995380-89BD-4b04-88EB-625FBE52EBFB}</UniqueIdentifier>
      <Extensions>h;hh;hpp;hxx;hm;inl;inc;xsd</Extensions>
    </Filter>
    <Filter Include="Resource Files">
      <UniqueIdentifier>{67DA6AB6-F800-4c08-8B7A-83BB121AAD01}</UniqueIdentifier>
      <Extensions>rc;ico;cur;bmp;dlg;rc2;rct;bin;rgs;gif;jpg;jpeg;jpe;resx;tiff;tif;png;wav;mfcribbon-ms</Extensions>
    </Filter>
  </ItemGroup>
  <ItemGroup>
    <Text Include="ReadMe.txt" />
  </ItemGroup>
  <ItemGroup>
    <ClInclude Include="stdafx.h">
      <Filter>Header Files</Filter>
    </ClInclude>
    <ClInclude Include="targetver.h">
      <Filter>Header Files</Filter>
    </ClInclude>
    <ClInclude Include="..\Movement\DDA.h">
      <Filter>Header Files</Filter>
    </ClInclude>
    <ClInclude Include="..\Movement\Move.h">
      <Filter>Header Files</Filter>
    </ClInclude>
    <ClInclude Include="..\Win32\Pins_Win32.h">
      <Filter>Header Files</Filter>
    </ClInclude>
    <ClInclude Include="..\Movement\DeltaParameters.h">
      <Filter>Header Files</Filter>
    </ClInclude>
    <ClInclude Include="..\Movement\Grid.h">
      <Filter>Header Files</Filter>
    </ClInclude>
    <ClInclude Include="..\Movement\DriveMovement.h">
      <Filter>Header Files</Filter>
    </ClInclude>
    <ClInclude Include="..\Movement\DeltaProbe.h">
      <Filter>Header Files</Filter>
    </ClInclude>
    <ClInclude Include="..\Libraries\General\StringRef.h">
      <Filter>Header Files</Filter>
    </ClInclude>
    <ClInclude Include="..\Libraries\Math\Isqrt.h">
      <Filter>Header Files</Filter>
    </ClInclude>
    <ClInclude Include="..\Platform.h">
      <Filter>Header Files</Filter>
    </ClInclude>
    <ClInclude Include="..\OutputMemory.h">
      <Filter>Header Files</Filter>
    </ClInclude>
    <ClInclude Include="..\Reprap.h">
      <Filter>Header Files</Filter>
    </ClInclude>
    <ClInclude Include="..\GCodes\GCodes.h">
      <Filter>Header Files</Filter>
    </ClInclude>
    <ClInclude Include="..\GCodes\GCodeBuffer.h">
      <Filter>Header Files</Filter>
    </ClInclude>
    <ClInclude Include="..\reprapfirmware.h">
      <Filter>Header Files</Filter>
    </ClInclude>
    <ClInclude Include="..\Tool.h">
      <Filter>Header Files</Filter>
    </ClInclude>
  </ItemGroup>
  <ItemGroup>
    <ClCompile Include="stdafx.cpp">
      <Filter>Source Files</Filter>
    </ClCompile>
    <ClCompile Include="Sim.cpp">
      <Filter>Source Files</Filter>
    </ClCompile>
    <ClCompile Include="..\Movement\DDA.cpp">
      <Filter>Source Files</Filter>
    </ClCompile>
    <ClCompile Include="..\Movement\Move.cpp">
      <Filter>Source Files</Filter>
    </ClCompile>
    <ClCompile Include="..\Win32\Pins_Win32.cpp">
      <Filter>Source Files</Filter>
    </ClCompile>
    <ClCompile Include="..\Movement\DeltaParameters.cpp">
      <Filter>Source Files</Filter>
    </ClCompile>
    <ClCompile Include="..\Movement\Grid.cpp">
      <Filter>Source Files</Filter>
    </ClCompile>
    <ClCompile Include="..\Movement\DriveMovement.cpp">
      <Filter>Source Files</Filter>
    </ClCompile>
    <ClCompile Include="..\Movement\DeltaProbe.cpp">
      <Filter>Source Files</Filter>
    </ClCompile>
    <ClCompile Include="..\Libraries\General\StringRef.cpp">
      <Filter>Source Files</Filter>
    </ClCompile>
    <ClCompile Include="..\Libraries\Math\Isqrt.cpp">
      <Filter>Source Files</Filter>
    </ClCompile>
    <ClCompile Include="..\OutputMemory.cpp">
      <Filter>Source Files</Filter>
    </ClCompile>
    <ClCompile Include="..\GCodes\GCodes.cpp">
      <Filter>Source Files</Filter>
    </ClCompile>
    <ClCompile Include="..\GCodes\GCodeBuffer.cpp">
      <Filter>Source Files</Filter>
    </ClCompile>
    <ClCompile Include="..\GCodes\GCodes2.cpp">
      <Filter>Source Files</Filter>
    </ClCompile>
    <ClCompile Include="..\Platform.cpp">
      <Filter>Source Files</Filter>
    </ClCompile>
    <ClCompile Include="..\RepRapFirmware.cpp">
      <Filter>Source Files</Filter>
    </ClCompile>
    <ClCompile Include="..\Storage\FileStore.cpp">
      <Filter>Source Files</Filter>
    </ClCompile>
    <ClCompile Include="..\Reprap.cpp">
      <Filter>Source Files</Filter>
    </ClCompile>
    <ClCompile Include="..\Tool.cpp">
      <Filter>Source Files</Filter>
    </ClCompile>
    <ClCompile Include="..\Heating\Thermistor.cpp">
      <Filter>Source Files</Filter>
    </ClCompile>
    <ClCompile Include="..\GCodes\GCodeMachineState.cpp">
      <Filter>Source Files</Filter>
    </ClCompile>
  </ItemGroup>
</Project>